// !$*UTF8*$!
{
	archiveVersion = 1;
	classes = {
	};
	objectVersion = 50;
	objects = {

/* Begin PBXBuildFile section */
		F3BBAB242559637B00E74F16 /* MainTabBarVC.swift in Sources */ = {isa = PBXBuildFile; fileRef = F3BBAB232559637B00E74F16 /* MainTabBarVC.swift */; };
		F3C5CB9D253831900076C485 /* AppDelegate.swift in Sources */ = {isa = PBXBuildFile; fileRef = F3C5CB9C253831900076C485 /* AppDelegate.swift */; };
		F3C5CB9F253831910076C485 /* SceneDelegate.swift in Sources */ = {isa = PBXBuildFile; fileRef = F3C5CB9E253831910076C485 /* SceneDelegate.swift */; };
		F3C5CBA1253831910076C485 /* ViewController.swift in Sources */ = {isa = PBXBuildFile; fileRef = F3C5CBA0253831910076C485 /* ViewController.swift */; };
		F3C5CBA4253831910076C485 /* Main.storyboard in Resources */ = {isa = PBXBuildFile; fileRef = F3C5CBA2253831910076C485 /* Main.storyboard */; };
		F3C5CBA6253831930076C485 /* Assets.xcassets in Resources */ = {isa = PBXBuildFile; fileRef = F3C5CBA5253831930076C485 /* Assets.xcassets */; };
		F3C5CBA9253831930076C485 /* LaunchScreen.storyboard in Resources */ = {isa = PBXBuildFile; fileRef = F3C5CBA7253831930076C485 /* LaunchScreen.storyboard */; };
		F3C5CBB2253832FC0076C485 /* RubyVC.swift in Sources */ = {isa = PBXBuildFile; fileRef = F3C5CBB1253832FC0076C485 /* RubyVC.swift */; };
		F3C5CBB52538332A0076C485 /* DiamondVC.swift in Sources */ = {isa = PBXBuildFile; fileRef = F3C5CBB42538332A0076C485 /* DiamondVC.swift */; };
/* End PBXBuildFile section */

/* Begin PBXFileReference section */
		F3BBAB232559637B00E74F16 /* MainTabBarVC.swift */ = {isa = PBXFileReference; lastKnownFileType = sourcecode.swift; path = MainTabBarVC.swift; sourceTree = "<group>"; };
		F3C5CB99253831900076C485 /* App_Pressure-Calculator.app */ = {isa = PBXFileReference; explicitFileType = wrapper.application; includeInIndex = 0; path = "App_Pressure-Calculator.app"; sourceTree = BUILT_PRODUCTS_DIR; };
		F3C5CB9C253831900076C485 /* AppDelegate.swift */ = {isa = PBXFileReference; lastKnownFileType = sourcecode.swift; path = AppDelegate.swift; sourceTree = "<group>"; };
		F3C5CB9E253831910076C485 /* SceneDelegate.swift */ = {isa = PBXFileReference; lastKnownFileType = sourcecode.swift; path = SceneDelegate.swift; sourceTree = "<group>"; };
		F3C5CBA0253831910076C485 /* ViewController.swift */ = {isa = PBXFileReference; lastKnownFileType = sourcecode.swift; path = ViewController.swift; sourceTree = "<group>"; };
		F3C5CBA3253831910076C485 /* Base */ = {isa = PBXFileReference; lastKnownFileType = file.storyboard; name = Base; path = Base.lproj/Main.storyboard; sourceTree = "<group>"; };
		F3C5CBA5253831930076C485 /* Assets.xcassets */ = {isa = PBXFileReference; lastKnownFileType = folder.assetcatalog; path = Assets.xcassets; sourceTree = "<group>"; };
		F3C5CBA8253831930076C485 /* Base */ = {isa = PBXFileReference; lastKnownFileType = file.storyboard; name = Base; path = Base.lproj/LaunchScreen.storyboard; sourceTree = "<group>"; };
		F3C5CBAA253831930076C485 /* Info.plist */ = {isa = PBXFileReference; lastKnownFileType = text.plist.xml; path = Info.plist; sourceTree = "<group>"; };
		F3C5CBB1253832FC0076C485 /* RubyVC.swift */ = {isa = PBXFileReference; lastKnownFileType = sourcecode.swift; path = RubyVC.swift; sourceTree = "<group>"; };
		F3C5CBB42538332A0076C485 /* DiamondVC.swift */ = {isa = PBXFileReference; lastKnownFileType = sourcecode.swift; path = DiamondVC.swift; sourceTree = "<group>"; };
/* End PBXFileReference section */

/* Begin PBXFrameworksBuildPhase section */
		F3C5CB96253831900076C485 /* Frameworks */ = {
			isa = PBXFrameworksBuildPhase;
			buildActionMask = 2147483647;
			files = (
			);
			runOnlyForDeploymentPostprocessing = 0;
		};
/* End PBXFrameworksBuildPhase section */

/* Begin PBXGroup section */
		F3BBAAC32551627800E74F16 /* Models */ = {
			isa = PBXGroup;
			children = (
			);
			path = Models;
			sourceTree = "<group>";
		};
		F3BBAAC42551628100E74F16 /* ViewControllers */ = {
			isa = PBXGroup;
			children = (
				F3C5CBB1253832FC0076C485 /* RubyVC.swift */,
				F3C5CBB42538332A0076C485 /* DiamondVC.swift */,
				F3BBAB232559637B00E74F16 /* MainTabBarVC.swift */,
			);
			path = ViewControllers;
			sourceTree = "<group>";
		};
		F3C5CB90253831900076C485 = {
			isa = PBXGroup;
			children = (
				F3C5CB9B253831900076C485 /* App_Pressure-Calculator */,
				F3C5CB9A253831900076C485 /* Products */,
			);
			sourceTree = "<group>";
		};
		F3C5CB9A253831900076C485 /* Products */ = {
			isa = PBXGroup;
			children = (
				F3C5CB99253831900076C485 /* App_Pressure-Calculator.app */,
			);
			name = Products;
			sourceTree = "<group>";
		};
		F3C5CB9B253831900076C485 /* App_Pressure-Calculator */ = {
			isa = PBXGroup;
			children = (
				F3BBAAC42551628100E74F16 /* ViewControllers */,
				F3BBAAC32551627800E74F16 /* Models */,
				F3C5CB9C253831900076C485 /* AppDelegate.swift */,
				F3C5CB9E253831910076C485 /* SceneDelegate.swift */,
				F3C5CBA0253831910076C485 /* ViewController.swift */,
				F3C5CBA2253831910076C485 /* Main.storyboard */,
				F3C5CBA5253831930076C485 /* Assets.xcassets */,
				F3C5CBA7253831930076C485 /* LaunchScreen.storyboard */,
				F3C5CBAA253831930076C485 /* Info.plist */,
			);
			path = "App_Pressure-Calculator";
			sourceTree = "<group>";
		};
/* End PBXGroup section */

/* Begin PBXNativeTarget section */
		F3C5CB98253831900076C485 /* App_Pressure-Calculator */ = {
			isa = PBXNativeTarget;
			buildConfigurationList = F3C5CBAD253831930076C485 /* Build configuration list for PBXNativeTarget "App_Pressure-Calculator" */;
			buildPhases = (
				F3C5CB95253831900076C485 /* Sources */,
				F3C5CB96253831900076C485 /* Frameworks */,
				F3C5CB97253831900076C485 /* Resources */,
			);
			buildRules = (
			);
			dependencies = (
			);
			name = "App_Pressure-Calculator";
			productName = "App_Pressure-Calculator";
			productReference = F3C5CB99253831900076C485 /* App_Pressure-Calculator.app */;
			productType = "com.apple.product-type.application";
		};
/* End PBXNativeTarget section */

/* Begin PBXProject section */
		F3C5CB91253831900076C485 /* Project object */ = {
			isa = PBXProject;
			attributes = {
				LastSwiftUpdateCheck = 1200;
				LastUpgradeCheck = 1200;
				TargetAttributes = {
					F3C5CB98253831900076C485 = {
						CreatedOnToolsVersion = 12.0.1;
					};
				};
			};
			buildConfigurationList = F3C5CB94253831900076C485 /* Build configuration list for PBXProject "App_Pressure-Calculator" */;
			compatibilityVersion = "Xcode 9.3";
			developmentRegion = en;
			hasScannedForEncodings = 0;
			knownRegions = (
				en,
				Base,
			);
			mainGroup = F3C5CB90253831900076C485;
			productRefGroup = F3C5CB9A253831900076C485 /* Products */;
			projectDirPath = "";
			projectRoot = "";
			targets = (
				F3C5CB98253831900076C485 /* App_Pressure-Calculator */,
			);
		};
/* End PBXProject section */

/* Begin PBXResourcesBuildPhase section */
		F3C5CB97253831900076C485 /* Resources */ = {
			isa = PBXResourcesBuildPhase;
			buildActionMask = 2147483647;
			files = (
				F3C5CBA9253831930076C485 /* LaunchScreen.storyboard in Resources */,
				F3C5CBA6253831930076C485 /* Assets.xcassets in Resources */,
				F3C5CBA4253831910076C485 /* Main.storyboard in Resources */,
			);
			runOnlyForDeploymentPostprocessing = 0;
		};
/* End PBXResourcesBuildPhase section */

/* Begin PBXSourcesBuildPhase section */
		F3C5CB95253831900076C485 /* Sources */ = {
			isa = PBXSourcesBuildPhase;
			buildActionMask = 2147483647;
			files = (
				F3C5CBA1253831910076C485 /* ViewController.swift in Sources */,
				F3BBAB242559637B00E74F16 /* MainTabBarVC.swift in Sources */,
				F3C5CB9D253831900076C485 /* AppDelegate.swift in Sources */,
				F3C5CBB52538332A0076C485 /* DiamondVC.swift in Sources */,
				F3C5CBB2253832FC0076C485 /* RubyVC.swift in Sources */,
				F3C5CB9F253831910076C485 /* SceneDelegate.swift in Sources */,
			);
			runOnlyForDeploymentPostprocessing = 0;
		};
/* End PBXSourcesBuildPhase section */

/* Begin PBXVariantGroup section */
		F3C5CBA2253831910076C485 /* Main.storyboard */ = {
			isa = PBXVariantGroup;
			children = (
				F3C5CBA3253831910076C485 /* Base */,
			);
			name = Main.storyboard;
			sourceTree = "<group>";
		};
		F3C5CBA7253831930076C485 /* LaunchScreen.storyboard */ = {
			isa = PBXVariantGroup;
			children = (
				F3C5CBA8253831930076C485 /* Base */,
			);
			name = LaunchScreen.storyboard;
			sourceTree = "<group>";
		};
/* End PBXVariantGroup section */

/* Begin XCBuildConfiguration section */
		F3C5CBAB253831930076C485 /* Debug */ = {
			isa = XCBuildConfiguration;
			buildSettings = {
				ALWAYS_SEARCH_USER_PATHS = NO;
				CLANG_ANALYZER_NONNULL = YES;
				CLANG_ANALYZER_NUMBER_OBJECT_CONVERSION = YES_AGGRESSIVE;
				CLANG_CXX_LANGUAGE_STANDARD = "gnu++14";
				CLANG_CXX_LIBRARY = "libc++";
				CLANG_ENABLE_MODULES = YES;
				CLANG_ENABLE_OBJC_ARC = YES;
				CLANG_ENABLE_OBJC_WEAK = YES;
				CLANG_WARN_BLOCK_CAPTURE_AUTORELEASING = YES;
				CLANG_WARN_BOOL_CONVERSION = YES;
				CLANG_WARN_COMMA = YES;
				CLANG_WARN_CONSTANT_CONVERSION = YES;
				CLANG_WARN_DEPRECATED_OBJC_IMPLEMENTATIONS = YES;
				CLANG_WARN_DIRECT_OBJC_ISA_USAGE = YES_ERROR;
				CLANG_WARN_DOCUMENTATION_COMMENTS = YES;
				CLANG_WARN_EMPTY_BODY = YES;
				CLANG_WARN_ENUM_CONVERSION = YES;
				CLANG_WARN_INFINITE_RECURSION = YES;
				CLANG_WARN_INT_CONVERSION = YES;
				CLANG_WARN_NON_LITERAL_NULL_CONVERSION = YES;
				CLANG_WARN_OBJC_IMPLICIT_RETAIN_SELF = YES;
				CLANG_WARN_OBJC_LITERAL_CONVERSION = YES;
				CLANG_WARN_OBJC_ROOT_CLASS = YES_ERROR;
				CLANG_WARN_QUOTED_INCLUDE_IN_FRAMEWORK_HEADER = YES;
				CLANG_WARN_RANGE_LOOP_ANALYSIS = YES;
				CLANG_WARN_STRICT_PROTOTYPES = YES;
				CLANG_WARN_SUSPICIOUS_MOVE = YES;
				CLANG_WARN_UNGUARDED_AVAILABILITY = YES_AGGRESSIVE;
				CLANG_WARN_UNREACHABLE_CODE = YES;
				CLANG_WARN__DUPLICATE_METHOD_MATCH = YES;
				COPY_PHASE_STRIP = NO;
				DEBUG_INFORMATION_FORMAT = dwarf;
				ENABLE_STRICT_OBJC_MSGSEND = YES;
				ENABLE_TESTABILITY = YES;
				GCC_C_LANGUAGE_STANDARD = gnu11;
				GCC_DYNAMIC_NO_PIC = NO;
				GCC_NO_COMMON_BLOCKS = YES;
				GCC_OPTIMIZATION_LEVEL = 0;
				GCC_PREPROCESSOR_DEFINITIONS = (
					"DEBUG=1",
					"$(inherited)",
				);
				GCC_WARN_64_TO_32_BIT_CONVERSION = YES;
				GCC_WARN_ABOUT_RETURN_TYPE = YES_ERROR;
				GCC_WARN_UNDECLARED_SELECTOR = YES;
				GCC_WARN_UNINITIALIZED_AUTOS = YES_AGGRESSIVE;
				GCC_WARN_UNUSED_FUNCTION = YES;
				GCC_WARN_UNUSED_VARIABLE = YES;
				IPHONEOS_DEPLOYMENT_TARGET = 14.0;
				MTL_ENABLE_DEBUG_INFO = INCLUDE_SOURCE;
				MTL_FAST_MATH = YES;
				ONLY_ACTIVE_ARCH = YES;
				SDKROOT = iphoneos;
				SWIFT_ACTIVE_COMPILATION_CONDITIONS = DEBUG;
				SWIFT_OPTIMIZATION_LEVEL = "-Onone";
			};
			name = Debug;
		};
		F3C5CBAC253831930076C485 /* Release */ = {
			isa = XCBuildConfiguration;
			buildSettings = {
				ALWAYS_SEARCH_USER_PATHS = NO;
				CLANG_ANALYZER_NONNULL = YES;
				CLANG_ANALYZER_NUMBER_OBJECT_CONVERSION = YES_AGGRESSIVE;
				CLANG_CXX_LANGUAGE_STANDARD = "gnu++14";
				CLANG_CXX_LIBRARY = "libc++";
				CLANG_ENABLE_MODULES = YES;
				CLANG_ENABLE_OBJC_ARC = YES;
				CLANG_ENABLE_OBJC_WEAK = YES;
				CLANG_WARN_BLOCK_CAPTURE_AUTORELEASING = YES;
				CLANG_WARN_BOOL_CONVERSION = YES;
				CLANG_WARN_COMMA = YES;
				CLANG_WARN_CONSTANT_CONVERSION = YES;
				CLANG_WARN_DEPRECATED_OBJC_IMPLEMENTATIONS = YES;
				CLANG_WARN_DIRECT_OBJC_ISA_USAGE = YES_ERROR;
				CLANG_WARN_DOCUMENTATION_COMMENTS = YES;
				CLANG_WARN_EMPTY_BODY = YES;
				CLANG_WARN_ENUM_CONVERSION = YES;
				CLANG_WARN_INFINITE_RECURSION = YES;
				CLANG_WARN_INT_CONVERSION = YES;
				CLANG_WARN_NON_LITERAL_NULL_CONVERSION = YES;
				CLANG_WARN_OBJC_IMPLICIT_RETAIN_SELF = YES;
				CLANG_WARN_OBJC_LITERAL_CONVERSION = YES;
				CLANG_WARN_OBJC_ROOT_CLASS = YES_ERROR;
				CLANG_WARN_QUOTED_INCLUDE_IN_FRAMEWORK_HEADER = YES;
				CLANG_WARN_RANGE_LOOP_ANALYSIS = YES;
				CLANG_WARN_STRICT_PROTOTYPES = YES;
				CLANG_WARN_SUSPICIOUS_MOVE = YES;
				CLANG_WARN_UNGUARDED_AVAILABILITY = YES_AGGRESSIVE;
				CLANG_WARN_UNREACHABLE_CODE = YES;
				CLANG_WARN__DUPLICATE_METHOD_MATCH = YES;
				COPY_PHASE_STRIP = NO;
				DEBUG_INFORMATION_FORMAT = "dwarf-with-dsym";
				ENABLE_NS_ASSERTIONS = NO;
				ENABLE_STRICT_OBJC_MSGSEND = YES;
				GCC_C_LANGUAGE_STANDARD = gnu11;
				GCC_NO_COMMON_BLOCKS = YES;
				GCC_WARN_64_TO_32_BIT_CONVERSION = YES;
				GCC_WARN_ABOUT_RETURN_TYPE = YES_ERROR;
				GCC_WARN_UNDECLARED_SELECTOR = YES;
				GCC_WARN_UNINITIALIZED_AUTOS = YES_AGGRESSIVE;
				GCC_WARN_UNUSED_FUNCTION = YES;
				GCC_WARN_UNUSED_VARIABLE = YES;
				IPHONEOS_DEPLOYMENT_TARGET = 14.0;
				MTL_ENABLE_DEBUG_INFO = NO;
				MTL_FAST_MATH = YES;
				SDKROOT = iphoneos;
				SWIFT_COMPILATION_MODE = wholemodule;
				SWIFT_OPTIMIZATION_LEVEL = "-O";
				VALIDATE_PRODUCT = YES;
			};
			name = Release;
		};
		F3C5CBAE253831930076C485 /* Debug */ = {
			isa = XCBuildConfiguration;
			buildSettings = {
				ASSETCATALOG_COMPILER_APPICON_NAME = AppIcon;
				ASSETCATALOG_COMPILER_GLOBAL_ACCENT_COLOR_NAME = AccentColor;
				CODE_SIGN_STYLE = Automatic;
				INFOPLIST_FILE = "App_Pressure-Calculator/Info.plist";
				IPHONEOS_DEPLOYMENT_TARGET = 13.0;
				LD_RUNPATH_SEARCH_PATHS = (
					"$(inherited)",
					"@executable_path/Frameworks",
				);
				PRODUCT_BUNDLE_IDENTIFIER = "se.anastasiakantor.App-Pressure-Calculator";
				PRODUCT_NAME = "$(TARGET_NAME)";
				SWIFT_VERSION = 5.0;
				TARGETED_DEVICE_FAMILY = "1,2";
			};
			name = Debug;
		};
		F3C5CBAF253831930076C485 /* Release */ = {
			isa = XCBuildConfiguration;
			buildSettings = {
				ASSETCATALOG_COMPILER_APPICON_NAME = AppIcon;
				ASSETCATALOG_COMPILER_GLOBAL_ACCENT_COLOR_NAME = AccentColor;
				CODE_SIGN_STYLE = Automatic;
				INFOPLIST_FILE = "App_Pressure-Calculator/Info.plist";
				IPHONEOS_DEPLOYMENT_TARGET = 13.0;
				LD_RUNPATH_SEARCH_PATHS = (
					"$(inherited)",
					"@executable_path/Frameworks",
				);
				PRODUCT_BUNDLE_IDENTIFIER = "se.anastasiakantor.App-Pressure-Calculator";
				PRODUCT_NAME = "$(TARGET_NAME)";
				SWIFT_VERSION = 5.0;
				TARGETED_DEVICE_FAMILY = "1,2";
			};
			name = Release;
		};
/* End XCBuildConfiguration section */

/* Begin XCConfigurationList section */
		F3C5CB94253831900076C485 /* Build configuration list for PBXProject "App_Pressure-Calculator" */ = {
			isa = XCConfigurationList;
			buildConfigurations = (
				F3C5CBAB253831930076C485 /* Debug */,
				F3C5CBAC253831930076C485 /* Release */,
			);
			defaultConfigurationIsVisible = 0;
			defaultConfigurationName = Release;
		};
		F3C5CBAD253831930076C485 /* Build configuration list for PBXNativeTarget "App_Pressure-Calculator" */ = {
			isa = XCConfigurationList;
			buildConfigurations = (
				F3C5CBAE253831930076C485 /* Debug */,
				F3C5CBAF253831930076C485 /* Release */,
			);
			defaultConfigurationIsVisible = 0;
			defaultConfigurationName = Release;
		};
/* End XCConfigurationList section */
	};
	rootObject = F3C5CB91253831900076C485 /* Project object */;
}
